
Microsoft Visual Studio Solution File, Format Version 12.00
# Visual Studio Version 17
VisualStudioVersion = 17.8.34316.72
MinimumVisualStudioVersion = 10.0.40219.1
Project("{FAE04EC0-301F-11D3-BF4B-00C04F79EFBC}") = "ProjectManagementSystem", "ProjectManagementSystem.csproj", "{AD218A21-1D7C-4A17-A5E1-A0792F27F5EB}"
EndProject
Global
	GlobalSection(SolutionConfigurationPlatforms) = preSolution
		Debug|Any CPU = Debug|Any CPU
		Release|Any CPU = Release|Any CPU
	EndGlobalSection
	GlobalSection(ProjectConfigurationPlatforms) = postSolution
		{AD218A21-1D7C-4A17-A5E1-A0792F27F5EB}.Debug|Any CPU.ActiveCfg = Debug|Any CPU
		{AD218A21-1D7C-4A17-A5E1-A0792F27F5EB}.Debug|Any CPU.Build.0 = Debug|Any CPU
		{AD218A21-1D7C-4A17-A5E1-A0792F27F5EB}.Release|Any CPU.ActiveCfg = Release|Any CPU
		{AD218A21-1D7C-4A17-A5E1-A0792F27F5EB}.Release|Any CPU.Build.0 = Release|Any CPU
	EndGlobalSection
	GlobalSection(SolutionProperties) = preSolution
		HideSolutionNode = FALSE
	EndGlobalSection
	GlobalSection(ExtensibilityGlobals) = postSolution
		SolutionGuid = {343829A8-D651-4002-B189-BD2FF3203D7A}
	EndGlobalSection
EndGlobal
